// !$*UTF8*$!
{
	archiveVersion = 1;
	classes = {
	};
	objectVersion = 50;
	objects = {

/* Begin PBXBuildFile section */
		20B7502E2088D1ED00A417FE /* AppDelegate.swift in Sources */ = {isa = PBXBuildFile; fileRef = 20B7502D2088D1ED00A417FE /* AppDelegate.swift */; };
		20B750302088D1ED00A417FE /* ViewController.swift in Sources */ = {isa = PBXBuildFile; fileRef = 20B7502F2088D1ED00A417FE /* ViewController.swift */; };
		20B750332088D1ED00A417FE /* Main.storyboard in Resources */ = {isa = PBXBuildFile; fileRef = 20B750312088D1ED00A417FE /* Main.storyboard */; };
		20B750352088D1EE00A417FE /* Assets.xcassets in Resources */ = {isa = PBXBuildFile; fileRef = 20B750342088D1EE00A417FE /* Assets.xcassets */; };
		20B750382088D1EE00A417FE /* LaunchScreen.storyboard in Resources */ = {isa = PBXBuildFile; fileRef = 20B750362088D1EE00A417FE /* LaunchScreen.storyboard */; };
/* End PBXBuildFile section */

/* Begin PBXFileReference section */
		20B7502A2088D1ED00A417FE /* M08-UF2-PracticaFinal_BMerelo_NOrdonez.app */ = {isa = PBXFileReference; explicitFileType = wrapper.application; includeInIndex = 0; path = "M08-UF2-PracticaFinal_BMerelo_NOrdonez.app"; sourceTree = BUILT_PRODUCTS_DIR; };
		20B7502D2088D1ED00A417FE /* AppDelegate.swift */ = {isa = PBXFileReference; lastKnownFileType = sourcecode.swift; path = AppDelegate.swift; sourceTree = "<group>"; };
		20B7502F2088D1ED00A417FE /* ViewController.swift */ = {isa = PBXFileReference; lastKnownFileType = sourcecode.swift; path = ViewController.swift; sourceTree = "<group>"; };
		20B750322088D1ED00A417FE /* Base */ = {isa = PBXFileReference; lastKnownFileType = file.storyboard; name = Base; path = Base.lproj/Main.storyboard; sourceTree = "<group>"; };
		20B750342088D1EE00A417FE /* Assets.xcassets */ = {isa = PBXFileReference; lastKnownFileType = folder.assetcatalog; path = Assets.xcassets; sourceTree = "<group>"; };
		20B750372088D1EE00A417FE /* Base */ = {isa = PBXFileReference; lastKnownFileType = file.storyboard; name = Base; path = Base.lproj/LaunchScreen.storyboard; sourceTree = "<group>"; };
		20B750392088D1EE00A417FE /* Info.plist */ = {isa = PBXFileReference; lastKnownFileType = text.plist.xml; path = Info.plist; sourceTree = "<group>"; };
/* End PBXFileReference section */

/* Begin PBXFrameworksBuildPhase section */
		20B750272088D1ED00A417FE /* Frameworks */ = {
			isa = PBXFrameworksBuildPhase;
			buildActionMask = 2147483647;
			files = (
			);
			runOnlyForDeploymentPostprocessing = 0;
		};
/* End PBXFrameworksBuildPhase section */

/* Begin PBXGroup section */
		20B750212088D1ED00A417FE = {
			isa = PBXGroup;
			children = (
				20B7502C2088D1ED00A417FE /* M08-UF2-PracticaFinal_BMerelo_NOrdonez */,
				20B7502B2088D1ED00A417FE /* Products */,
			);
			sourceTree = "<group>";
		};
		20B7502B2088D1ED00A417FE /* Products */ = {
			isa = PBXGroup;
			children = (
				20B7502A2088D1ED00A417FE /* M08-UF2-PracticaFinal_BMerelo_NOrdonez.app */,
			);
			name = Products;
			sourceTree = "<group>";
		};
		20B7502C2088D1ED00A417FE /* M08-UF2-PracticaFinal_BMerelo_NOrdonez */ = {
			isa = PBXGroup;
			children = (
				20B7502D2088D1ED00A417FE /* AppDelegate.swift */,
				20B7502F2088D1ED00A417FE /* ViewController.swift */,
				20B750312088D1ED00A417FE /* Main.storyboard */,
				20B750342088D1EE00A417FE /* Assets.xcassets */,
				20B750362088D1EE00A417FE /* LaunchScreen.storyboard */,
				20B750392088D1EE00A417FE /* Info.plist */,
			);
			path = "M08-UF2-PracticaFinal_BMerelo_NOrdonez";
			sourceTree = "<group>";
		};
/* End PBXGroup section */

/* Begin PBXNativeTarget section */
		20B750292088D1ED00A417FE /* M08-UF2-PracticaFinal_BMerelo_NOrdonez */ = {
			isa = PBXNativeTarget;
			buildConfigurationList = 20B7503C2088D1EE00A417FE /* Build configuration list for PBXNativeTarget "M08-UF2-PracticaFinal_BMerelo_NOrdonez" */;
			buildPhases = (
				20B750262088D1ED00A417FE /* Sources */,
				20B750272088D1ED00A417FE /* Frameworks */,
				20B750282088D1ED00A417FE /* Resources */,
			);
			buildRules = (
			);
			dependencies = (
			);
			name = "M08-UF2-PracticaFinal_BMerelo_NOrdonez";
			productName = "M08-UF2-PracticaFinal_BMerelo_NOrdonez";
			productReference = 20B7502A2088D1ED00A417FE /* M08-UF2-PracticaFinal_BMerelo_NOrdonez.app */;
			productType = "com.apple.product-type.application";
		};
/* End PBXNativeTarget section */

/* Begin PBXProject section */
		20B750222088D1ED00A417FE /* Project object */ = {
			isa = PBXProject;
			attributes = {
				LastSwiftUpdateCheck = 0930;
				LastUpgradeCheck = 0930;
				ORGANIZATIONNAME = "Nil Ordoñez";
				TargetAttributes = {
					20B750292088D1ED00A417FE = {
						CreatedOnToolsVersion = 9.3;
					};
				};
			};
			buildConfigurationList = 20B750252088D1ED00A417FE /* Build configuration list for PBXProject "M08-UF2-PracticaFinal_BMerelo_NOrdonez" */;
			compatibilityVersion = "Xcode 9.3";
			developmentRegion = en;
			hasScannedForEncodings = 0;
			knownRegions = (
				en,
				Base,
			);
			mainGroup = 20B750212088D1ED00A417FE;
			productRefGroup = 20B7502B2088D1ED00A417FE /* Products */;
			projectDirPath = "";
			projectRoot = "";
			targets = (
				20B750292088D1ED00A417FE /* M08-UF2-PracticaFinal_BMerelo_NOrdonez */,
			);
		};
/* End PBXProject section */

/* Begin PBXResourcesBuildPhase section */
		20B750282088D1ED00A417FE /* Resources */ = {
			isa = PBXResourcesBuildPhase;
			buildActionMask = 2147483647;
			files = (
				20B750382088D1EE00A417FE /* LaunchScreen.storyboard in Resources */,
				20B750352088D1EE00A417FE /* Assets.xcassets in Resources */,
				20B750332088D1ED00A417FE /* Main.storyboard in Resources */,
			);
			runOnlyForDeploymentPostprocessing = 0;
		};
/* End PBXResourcesBuildPhase section */

/* Begin PBXSourcesBuildPhase section */
		20B750262088D1ED00A417FE /* Sources */ = {
			isa = PBXSourcesBuildPhase;
			buildActionMask = 2147483647;
			files = (
				20B750302088D1ED00A417FE /* ViewController.swift in Sources */,
				20B7502E2088D1ED00A417FE /* AppDelegate.swift in Sources */,
			);
			runOnlyForDeploymentPostprocessing = 0;
		};
/* End PBXSourcesBuildPhase section */

/* Begin PBXVariantGroup section */
		20B750312088D1ED00A417FE /* Main.storyboard */ = {
			isa = PBXVariantGroup;
			children = (
				20B750322088D1ED00A417FE /* Base */,
			);
			name = Main.storyboard;
			sourceTree = "<group>";
		};
		20B750362088D1EE00A417FE /* LaunchScreen.storyboard */ = {
			isa = PBXVariantGroup;
			children = (
				20B750372088D1EE00A417FE /* Base */,
			);
			name = LaunchScreen.storyboard;
			sourceTree = "<group>";
		};
/* End PBXVariantGroup section */

/* Begin XCBuildConfiguration section */
		20B7503A2088D1EE00A417FE /* Debug */ = {
			isa = XCBuildConfiguration;
			buildSettings = {
				ALWAYS_SEARCH_USER_PATHS = NO;
				CLANG_ANALYZER_NONNULL = YES;
				CLANG_ANALYZER_NUMBER_OBJECT_CONVERSION = YES_AGGRESSIVE;
				CLANG_CXX_LANGUAGE_STANDARD = "gnu++14";
				CLANG_CXX_LIBRARY = "libc++";
				CLANG_ENABLE_MODULES = YES;
				CLANG_ENABLE_OBJC_ARC = YES;
				CLANG_ENABLE_OBJC_WEAK = YES;
				CLANG_WARN_BLOCK_CAPTURE_AUTORELEASING = YES;
				CLANG_WARN_BOOL_CONVERSION = YES;
				CLANG_WARN_COMMA = YES;
				CLANG_WARN_CONSTANT_CONVERSION = YES;
				CLANG_WARN_DEPRECATED_OBJC_IMPLEMENTATIONS = YES;
				CLANG_WARN_DIRECT_OBJC_ISA_USAGE = YES_ERROR;
				CLANG_WARN_DOCUMENTATION_COMMENTS = YES;
				CLANG_WARN_EMPTY_BODY = YES;
				CLANG_WARN_ENUM_CONVERSION = YES;
				CLANG_WARN_INFINITE_RECURSION = YES;
				CLANG_WARN_INT_CONVERSION = YES;
				CLANG_WARN_NON_LITERAL_NULL_CONVERSION = YES;
				CLANG_WARN_OBJC_IMPLICIT_RETAIN_SELF = YES;
				CLANG_WARN_OBJC_LITERAL_CONVERSION = YES;
				CLANG_WARN_OBJC_ROOT_CLASS = YES_ERROR;
				CLANG_WARN_RANGE_LOOP_ANALYSIS = YES;
				CLANG_WARN_STRICT_PROTOTYPES = YES;
				CLANG_WARN_SUSPICIOUS_MOVE = YES;
				CLANG_WARN_UNGUARDED_AVAILABILITY = YES_AGGRESSIVE;
				CLANG_WARN_UNREACHABLE_CODE = YES;
				CLANG_WARN__DUPLICATE_METHOD_MATCH = YES;
				CODE_SIGN_IDENTITY = "iPhone Developer";
				COPY_PHASE_STRIP = NO;
				DEBUG_INFORMATION_FORMAT = dwarf;
				ENABLE_STRICT_OBJC_MSGSEND = YES;
				ENABLE_TESTABILITY = YES;
				GCC_C_LANGUAGE_STANDARD = gnu11;
				GCC_DYNAMIC_NO_PIC = NO;
				GCC_NO_COMMON_BLOCKS = YES;
				GCC_OPTIMIZATION_LEVEL = 0;
				GCC_PREPROCESSOR_DEFINITIONS = (
					"DEBUG=1",
					"$(inherited)",
				);
				GCC_WARN_64_TO_32_BIT_CONVERSION = YES;
				GCC_WARN_ABOUT_RETURN_TYPE = YES_ERROR;
				GCC_WARN_UNDECLARED_SELECTOR = YES;
				GCC_WARN_UNINITIALIZED_AUTOS = YES_AGGRESSIVE;
				GCC_WARN_UNUSED_FUNCTION = YES;
				GCC_WARN_UNUSED_VARIABLE = YES;
				IPHONEOS_DEPLOYMENT_TARGET = 11.3;
				MTL_ENABLE_DEBUG_INFO = YES;
				ONLY_ACTIVE_ARCH = YES;
				SDKROOT = iphoneos;
				SWIFT_ACTIVE_COMPILATION_CONDITIONS = DEBUG;
				SWIFT_OPTIMIZATION_LEVEL = "-Onone";
			};
			name = Debug;
		};
		20B7503B2088D1EE00A417FE /* Release */ = {
			isa = XCBuildConfiguration;
			buildSettings = {
				ALWAYS_SEARCH_USER_PATHS = NO;
				CLANG_ANALYZER_NONNULL = YES;
				CLANG_ANALYZER_NUMBER_OBJECT_CONVERSION = YES_AGGRESSIVE;
				CLANG_CXX_LANGUAGE_STANDARD = "gnu++14";
				CLANG_CXX_LIBRARY = "libc++";
				CLANG_ENABLE_MODULES = YES;
				CLANG_ENABLE_OBJC_ARC = YES;
				CLANG_ENABLE_OBJC_WEAK = YES;
				CLANG_WARN_BLOCK_CAPTURE_AUTORELEASING = YES;
				CLANG_WARN_BOOL_CONVERSION = YES;
				CLANG_WARN_COMMA = YES;
				CLANG_WARN_CONSTANT_CONVERSION = YES;
				CLANG_WARN_DEPRECATED_OBJC_IMPLEMENTATIONS = YES;
				CLANG_WARN_DIRECT_OBJC_ISA_USAGE = YES_ERROR;
				CLANG_WARN_DOCUMENTATION_COMMENTS = YES;
				CLANG_WARN_EMPTY_BODY = YES;
				CLANG_WARN_ENUM_CONVERSION = YES;
				CLANG_WARN_INFINITE_RECURSION = YES;
				CLANG_WARN_INT_CONVERSION = YES;
				CLANG_WARN_NON_LITERAL_NULL_CONVERSION = YES;
				CLANG_WARN_OBJC_IMPLICIT_RETAIN_SELF = YES;
				CLANG_WARN_OBJC_LITERAL_CONVERSION = YES;
				CLANG_WARN_OBJC_ROOT_CLASS = YES_ERROR;
				CLANG_WARN_RANGE_LOOP_ANALYSIS = YES;
				CLANG_WARN_STRICT_PROTOTYPES = YES;
				CLANG_WARN_SUSPICIOUS_MOVE = YES;
				CLANG_WARN_UNGUARDED_AVAILABILITY = YES_AGGRESSIVE;
				CLANG_WARN_UNREACHABLE_CODE = YES;
				CLANG_WARN__DUPLICATE_METHOD_MATCH = YES;
				CODE_SIGN_IDENTITY = "iPhone Developer";
				COPY_PHASE_STRIP = NO;
				DEBUG_INFORMATION_FORMAT = "dwarf-with-dsym";
				ENABLE_NS_ASSERTIONS = NO;
				ENABLE_STRICT_OBJC_MSGSEND = YES;
				GCC_C_LANGUAGE_STANDARD = gnu11;
				GCC_NO_COMMON_BLOCKS = YES;
				GCC_WARN_64_TO_32_BIT_CONVERSION = YES;
				GCC_WARN_ABOUT_RETURN_TYPE = YES_ERROR;
				GCC_WARN_UNDECLARED_SELECTOR = YES;
				GCC_WARN_UNINITIALIZED_AUTOS = YES_AGGRESSIVE;
				GCC_WARN_UNUSED_FUNCTION = YES;
				GCC_WARN_UNUSED_VARIABLE = YES;
				IPHONEOS_DEPLOYMENT_TARGET = 11.3;
				MTL_ENABLE_DEBUG_INFO = NO;
				SDKROOT = iphoneos;
				SWIFT_COMPILATION_MODE = wholemodule;
				SWIFT_OPTIMIZATION_LEVEL = "-O";
				VALIDATE_PRODUCT = YES;
			};
			name = Release;
		};
		20B7503D2088D1EE00A417FE /* Debug */ = {
			isa = XCBuildConfiguration;
			buildSettings = {
				ASSETCATALOG_COMPILER_APPICON_NAME = AppIcon;
				CODE_SIGN_STYLE = Automatic;
				INFOPLIST_FILE = "M08-UF2-PracticaFinal_BMerelo_NOrdonez/Info.plist";
				LD_RUNPATH_SEARCH_PATHS = (
					"$(inherited)",
					"@executable_path/Frameworks",
				);
				PRODUCT_BUNDLE_IDENTIFIER = "me.nilordonez.M08-UF2-PracticaFinal-BMerelo-NOrdonez";
				PRODUCT_NAME = "$(TARGET_NAME)";
				SWIFT_VERSION = 4.0;
				TARGETED_DEVICE_FAMILY = "1,2";
			};
			name = Debug;
		};
		20B7503E2088D1EE00A417FE /* Release */ = {
			isa = XCBuildConfiguration;
			buildSettings = {
				ASSETCATALOG_COMPILER_APPICON_NAME = AppIcon;
				CODE_SIGN_STYLE = Automatic;
				INFOPLIST_FILE = "M08-UF2-PracticaFinal_BMerelo_NOrdonez/Info.plist";
				LD_RUNPATH_SEARCH_PATHS = (
					"$(inherited)",
					"@executable_path/Frameworks",
				);
				PRODUCT_BUNDLE_IDENTIFIER = "me.nilordonez.M08-UF2-PracticaFinal-BMerelo-NOrdonez";
				PRODUCT_NAME = "$(TARGET_NAME)";
				SWIFT_VERSION = 4.0;
				TARGETED_DEVICE_FAMILY = "1,2";
			};
			name = Release;
		};
/* End XCBuildConfiguration section */

/* Begin XCConfigurationList section */
		20B750252088D1ED00A417FE /* Build configuration list for PBXProject "M08-UF2-PracticaFinal_BMerelo_NOrdonez" */ = {
			isa = XCConfigurationList;
			buildConfigurations = (
				20B7503A2088D1EE00A417FE /* Debug */,
				20B7503B2088D1EE00A417FE /* Release */,
			);
			defaultConfigurationIsVisible = 0;
			defaultConfigurationName = Release;
		};
		20B7503C2088D1EE00A417FE /* Build configuration list for PBXNativeTarget "M08-UF2-PracticaFinal_BMerelo_NOrdonez" */ = {
			isa = XCConfigurationList;
			buildConfigurations = (
				20B7503D2088D1EE00A417FE /* Debug */,
				20B7503E2088D1EE00A417FE /* Release */,
			);
			defaultConfigurationIsVisible = 0;
			defaultConfigurationName = Release;
		};
/* End XCConfigurationList section */
	};
	rootObject = 20B750222088D1ED00A417FE /* Project object */;
}
